
Microsoft Visual Studio Solution File, Format Version 12.00
# Visual Studio Version 17
VisualStudioVersion = 17.9.34607.119
MinimumVisualStudioVersion = 10.0.40219.1
Project("{FAE04EC0-301F-11D3-BF4B-00C04F79EFBC}") = "App", "App\App.csproj", "{BF068280-CF22-4282-8783-7521FD005228}"
EndProject
Project("{FAE04EC0-301F-11D3-BF4B-00C04F79EFBC}") = "PCQ", "PCQ\PCQ.csproj", "{71A47953-197A-480E-A36F-05062EF7D198}"
EndProject
Global
	GlobalSection(SolutionConfigurationPlatforms) = preSolution
		Debug|Any CPU = Debug|Any CPU
		Release|Any CPU = Release|Any CPU
	EndGlobalSection
	GlobalSection(ProjectConfigurationPlatforms) = postSolution
		{BF068280-CF22-4282-8783-7521FD005228}.Debug|Any CPU.ActiveCfg = Debug|Any CPU
		{BF068280-CF22-4282-8783-7521FD005228}.Debug|Any CPU.Build.0 = Debug|Any CPU
		{BF068280-CF22-4282-8783-7521FD005228}.Release|Any CPU.ActiveCfg = Release|Any CPU
		{BF068280-CF22-4282-8783-7521FD005228}.Release|Any CPU.Build.0 = Release|Any CPU
		{71A47953-197A-480E-A36F-05062EF7D198}.Debug|Any CPU.ActiveCfg = Debug|Any CPU
		{71A47953-197A-480E-A36F-05062EF7D198}.Debug|Any CPU.Build.0 = Debug|Any CPU
		{71A47953-197A-480E-A36F-05062EF7D198}.Release|Any CPU.ActiveCfg = Release|Any CPU
		{71A47953-197A-480E-A36F-05062EF7D198}.Release|Any CPU.Build.0 = Release|Any CPU
	EndGlobalSection
	GlobalSection(SolutionProperties) = preSolution
		HideSolutionNode = FALSE
	EndGlobalSection
	GlobalSection(ExtensibilityGlobals) = postSolution
		SolutionGuid = {45EB8F40-8052-4F3B-91DD-DEA33A4CCBF7}
	EndGlobalSection
EndGlobal
