
Microsoft Visual Studio Solution File, Format Version 12.00
# Visual Studio Version 17
VisualStudioVersion = 17.9.34607.119
MinimumVisualStudioVersion = 10.0.40219.1
Project("{FAE04EC0-301F-11D3-BF4B-00C04F79EFBC}") = "01_process", "01_process\01_process.csproj", "{63E558CD-5FF1-4F04-9DBD-7DFB235F96E5}"
EndProject
Global
	GlobalSection(SolutionConfigurationPlatforms) = preSolution
		Debug|Any CPU = Debug|Any CPU
		Release|Any CPU = Release|Any CPU
	EndGlobalSection
	GlobalSection(ProjectConfigurationPlatforms) = postSolution
		{63E558CD-5FF1-4F04-9DBD-7DFB235F96E5}.Debug|Any CPU.ActiveCfg = Debug|Any CPU
		{63E558CD-5FF1-4F04-9DBD-7DFB235F96E5}.Debug|Any CPU.Build.0 = Debug|Any CPU
		{63E558CD-5FF1-4F04-9DBD-7DFB235F96E5}.Release|Any CPU.ActiveCfg = Release|Any CPU
		{63E558CD-5FF1-4F04-9DBD-7DFB235F96E5}.Release|Any CPU.Build.0 = Release|Any CPU
	EndGlobalSection
	GlobalSection(SolutionProperties) = preSolution
		HideSolutionNode = FALSE
	EndGlobalSection
	GlobalSection(ExtensibilityGlobals) = postSolution
		SolutionGuid = {F23B628A-39F8-4E91-ABA4-76F90AB71F32}
	EndGlobalSection
EndGlobal
